
Microsoft Visual Studio Solution File, Format Version 12.00
# Visual Studio Version 16
VisualStudioVersion = 16.0.33423.256
MinimumVisualStudioVersion = 10.0.40219.1
Project("{FAE04EC0-301F-11D3-BF4B-00C04F79EFBC}") = "Prueba_29_06_23", "Prueba_29_06_23\Prueba_29_06_23.csproj", "{67D5D2FA-E766-49A6-8C63-2C7C2B588D28}"
EndProject
Global
	GlobalSection(SolutionConfigurationPlatforms) = preSolution
		Debug|Any CPU = Debug|Any CPU
		Release|Any CPU = Release|Any CPU
	EndGlobalSection
	GlobalSection(ProjectConfigurationPlatforms) = postSolution
		{67D5D2FA-E766-49A6-8C63-2C7C2B588D28}.Debug|Any CPU.ActiveCfg = Debug|Any CPU
		{67D5D2FA-E766-49A6-8C63-2C7C2B588D28}.Debug|Any CPU.Build.0 = Debug|Any CPU
		{67D5D2FA-E766-49A6-8C63-2C7C2B588D28}.Release|Any CPU.ActiveCfg = Release|Any CPU
		{67D5D2FA-E766-49A6-8C63-2C7C2B588D28}.Release|Any CPU.Build.0 = Release|Any CPU
	EndGlobalSection
	GlobalSection(SolutionProperties) = preSolution
		HideSolutionNode = FALSE
	EndGlobalSection
	GlobalSection(ExtensibilityGlobals) = postSolution
		SolutionGuid = {21AF2BBC-673E-4408-B608-BBC15806E4F5}
	EndGlobalSection
EndGlobal
